PODS:
  - BRYXBanner (0.7.3)
  - MTCircularSlider (0.2.15)
  - SwiftyJSON (3.1.4)

DEPENDENCIES:
  - BRYXBanner
  - MTCircularSlider
  - SwiftyJSON

SPEC CHECKSUMS:
  BRYXBanner: bd26a91cb8a5826a8bc7687891043d287dd3ee53
  MTCircularSlider: 9dfa03bc7d512c2a9b58c58bdca63fb40abcfda8
  SwiftyJSON: c2842d878f95482ffceec5709abc3d05680c0220

PODFILE CHECKSUM: f4535a962abbe4d3b455e5a9265a1d2ddf5c789b

COCOAPODS: 1.2.1
