PODS:
  - MobileVLCKit (2.2.2)
  - MTCircularSlider (0.2.15)
  - SVProgressHUD (2.1.2)
  - SwiftyJSON (3.1.4)

DEPENDENCIES:
  - MobileVLCKit
  - MTCircularSlider
  - SVProgressHUD
  - SwiftyJSON

SPEC CHECKSUMS:
  MobileVLCKit: 75c2c36b0e3478c3f18cac3a2e7fa127cda0ff92
  MTCircularSlider: 9dfa03bc7d512c2a9b58c58bdca63fb40abcfda8
  SVProgressHUD: c404a55d78acbeb7ebb78b76d3faf986475a6994
  SwiftyJSON: c2842d878f95482ffceec5709abc3d05680c0220

PODFILE CHECKSUM: 663840328d317918d54d3d21e39e51c0d772a7ba

COCOAPODS: 1.2.1
