PODS:
  - BRYXBanner (0.7.3)
  - SwiftyJSON (3.1.4)

DEPENDENCIES:
  - BRYXBanner
  - SwiftyJSON

SPEC CHECKSUMS:
  BRYXBanner: bd26a91cb8a5826a8bc7687891043d287dd3ee53
  SwiftyJSON: c2842d878f95482ffceec5709abc3d05680c0220

PODFILE CHECKSUM: 27295deacdad575be7087f495a89b78e55c3f60c

COCOAPODS: 1.2.1
