{
  "object": {
    "pins": [
      {
        "package": "Charts",
        "repositoryURL": "https://github.com/danielgindi/Charts.git",
        "state": {
          "branch": null,
          "revision": "66546404a6739173b8e436ab6bc1f2897cd08594",
          "version": "3.6.0"
        }
      },
      {
        "package": "iActivityIndicator",
        "repositoryURL": "https://github.com/MojtabaHs/iActivityIndicator",
        "state": {
          "branch": "main",
          "revision": "e00edb73b97cdefc4a948f7807b941bd2b8b46f3",
          "version": null
        }
      }
    ]
  },
  "version": 1
}
